
Microsoft Visual Studio Solution File, Format Version 12.00
# Visual Studio Version 16
VisualStudioVersion = 16.0.30114.105
MinimumVisualStudioVersion = 10.0.40219.1
Project("{FAE04EC0-301F-11D3-BF4B-00C04F79EFBC}") = "FIEP_API", "FIEP_API\FIEP_API.csproj", "{56B0F84B-F1AB-43DC-A258-B661E347FE6D}"
EndProject
Project("{E53339B2-1760-4266-BCC7-CA923CBCF16C}") = "docker-compose", "docker-compose.dcproj", "{F61EB35E-658E-4F95-B1A0-E65A4C8F3CB7}"
EndProject
Global
	GlobalSection(SolutionConfigurationPlatforms) = preSolution
		Debug|Any CPU = Debug|Any CPU
		Release|Any CPU = Release|Any CPU
	EndGlobalSection
	GlobalSection(ProjectConfigurationPlatforms) = postSolution
		{56B0F84B-F1AB-43DC-A258-B661E347FE6D}.Debug|Any CPU.ActiveCfg = Debug|Any CPU
		{56B0F84B-F1AB-43DC-A258-B661E347FE6D}.Debug|Any CPU.Build.0 = Debug|Any CPU
		{56B0F84B-F1AB-43DC-A258-B661E347FE6D}.Release|Any CPU.ActiveCfg = Release|Any CPU
		{56B0F84B-F1AB-43DC-A258-B661E347FE6D}.Release|Any CPU.Build.0 = Release|Any CPU
		{F61EB35E-658E-4F95-B1A0-E65A4C8F3CB7}.Debug|Any CPU.ActiveCfg = Debug|Any CPU
		{F61EB35E-658E-4F95-B1A0-E65A4C8F3CB7}.Debug|Any CPU.Build.0 = Debug|Any CPU
		{F61EB35E-658E-4F95-B1A0-E65A4C8F3CB7}.Release|Any CPU.ActiveCfg = Release|Any CPU
		{F61EB35E-658E-4F95-B1A0-E65A4C8F3CB7}.Release|Any CPU.Build.0 = Release|Any CPU
	EndGlobalSection
	GlobalSection(SolutionProperties) = preSolution
		HideSolutionNode = FALSE
	EndGlobalSection
	GlobalSection(ExtensibilityGlobals) = postSolution
		SolutionGuid = {22B3E749-E5D1-41CC-A8DE-CAD11EBE125D}
	EndGlobalSection
EndGlobal
